
Microsoft Visual Studio Solution File, Format Version 12.00
# Visual Studio 15
VisualStudioVersion = 15.0.27130.2020
MinimumVisualStudioVersion = 10.0.40219.1
Project("{FAE04EC0-301F-11D3-BF4B-00C04F79EFBC}") = "SneakAPeek Holdem.Core", "SneakAPeek Holdem\SneakAPeek Holdem.Core\SneakAPeek Holdem.Core.csproj", "{DCB96664-E4B7-4B6D-A3B4-A8B8E69CCE1A}"
EndProject
Project("{FAE04EC0-301F-11D3-BF4B-00C04F79EFBC}") = "SneakAPeek Holdem.Droid", "SneakAPeek Holdem\SneakAPeek Holdem.Droid\SneakAPeek Holdem.Droid.csproj", "{F4FD60B0-1285-442A-88A9-655C1A8A929C}"
EndProject
Project("{FAE04EC0-301F-11D3-BF4B-00C04F79EFBC}") = "SneakAPeek Holdem.iOS", "SneakAPeek Holdem\SneakAPeek Holdem.iOS\SneakAPeek Holdem.iOS.csproj", "{3C912F17-6F7B-45A5-9409-51026DDBC725}"
EndProject
Project("{FAE04EC0-301F-11D3-BF4B-00C04F79EFBC}") = "SneakAPeek Holdem.UWP", "SneakAPeek Holdem\SneakAPeek Holdem.UWP\SneakAPeek Holdem.UWP.csproj", "{2F941A11-4C33-415C-AC25-C5A4B84A3036}"
EndProject
Project("{FAE04EC0-301F-11D3-BF4B-00C04F79EFBC}") = "SneakAPeek Holdem.WPF", "SneakAPeek Holdem\SneakAPeek Holdem.WPF\SneakAPeek Holdem.WPF.csproj", "{8DC4BE0D-9AD4-405B-8BFF-D26AAA8B8133}"
EndProject
Global
	GlobalSection(SolutionConfigurationPlatforms) = preSolution
		Ad-Hoc|Any CPU = Ad-Hoc|Any CPU
		Ad-Hoc|ARM = Ad-Hoc|ARM
		Ad-Hoc|iPhone = Ad-Hoc|iPhone
		Ad-Hoc|iPhoneSimulator = Ad-Hoc|iPhoneSimulator
		Ad-Hoc|x64 = Ad-Hoc|x64
		Ad-Hoc|x86 = Ad-Hoc|x86
		AppStore|Any CPU = AppStore|Any CPU
		AppStore|ARM = AppStore|ARM
		AppStore|iPhone = AppStore|iPhone
		AppStore|iPhoneSimulator = AppStore|iPhoneSimulator
		AppStore|x64 = AppStore|x64
		AppStore|x86 = AppStore|x86
		Debug|Any CPU = Debug|Any CPU
		Debug|ARM = Debug|ARM
		Debug|iPhone = Debug|iPhone
		Debug|iPhoneSimulator = Debug|iPhoneSimulator
		Debug|x64 = Debug|x64
		Debug|x86 = Debug|x86
		Release|Any CPU = Release|Any CPU
		Release|ARM = Release|ARM
		Release|iPhone = Release|iPhone
		Release|iPhoneSimulator = Release|iPhoneSimulator
		Release|x64 = Release|x64
		Release|x86 = Release|x86
	EndGlobalSection
	GlobalSection(ProjectConfigurationPlatforms) = postSolution
		{DCB96664-E4B7-4B6D-A3B4-A8B8E69CCE1A}.Ad-Hoc|Any CPU.ActiveCfg = Debug|Any CPU
		{DCB96664-E4B7-4B6D-A3B4-A8B8E69CCE1A}.Ad-Hoc|Any CPU.Build.0 = Debug|Any CPU
		{DCB96664-E4B7-4B6D-A3B4-A8B8E69CCE1A}.Ad-Hoc|ARM.ActiveCfg = Debug|Any CPU
		{DCB96664-E4B7-4B6D-A3B4-A8B8E69CCE1A}.Ad-Hoc|ARM.Build.0 = Debug|Any CPU
		{DCB96664-E4B7-4B6D-A3B4-A8B8E69CCE1A}.Ad-Hoc|iPhone.ActiveCfg = Debug|Any CPU
		{DCB96664-E4B7-4B6D-A3B4-A8B8E69CCE1A}.Ad-Hoc|iPhone.Build.0 = Debug|Any CPU
		{DCB96664-E4B7-4B6D-A3B4-A8B8E69CCE1A}.Ad-Hoc|iPhoneSimulator.ActiveCfg = Debug|Any CPU
		{DCB96664-E4B7-4B6D-A3B4-A8B8E69CCE1A}.Ad-Hoc|iPhoneSimulator.Build.0 = Debug|Any CPU
		{DCB96664-E4B7-4B6D-A3B4-A8B8E69CCE1A}.Ad-Hoc|x64.ActiveCfg = Debug|Any CPU
		{DCB96664-E4B7-4B6D-A3B4-A8B8E69CCE1A}.Ad-Hoc|x64.Build.0 = Debug|Any CPU
		{DCB96664-E4B7-4B6D-A3B4-A8B8E69CCE1A}.Ad-Hoc|x86.ActiveCfg = Debug|Any CPU
		{DCB96664-E4B7-4B6D-A3B4-A8B8E69CCE1A}.Ad-Hoc|x86.Build.0 = Debug|Any CPU
		{DCB96664-E4B7-4B6D-A3B4-A8B8E69CCE1A}.AppStore|Any CPU.ActiveCfg = Debug|Any CPU
		{DCB96664-E4B7-4B6D-A3B4-A8B8E69CCE1A}.AppStore|Any CPU.Build.0 = Debug|Any CPU
		{DCB96664-E4B7-4B6D-A3B4-A8B8E69CCE1A}.AppStore|ARM.ActiveCfg = Debug|Any CPU
		{DCB96664-E4B7-4B6D-A3B4-A8B8E69CCE1A}.AppStore|ARM.Build.0 = Debug|Any CPU
		{DCB96664-E4B7-4B6D-A3B4-A8B8E69CCE1A}.AppStore|iPhone.ActiveCfg = Debug|Any CPU
		{DCB96664-E4B7-4B6D-A3B4-A8B8E69CCE1A}.AppStore|iPhone.Build.0 = Debug|Any CPU
		{DCB96664-E4B7-4B6D-A3B4-A8B8E69CCE1A}.AppStore|iPhoneSimulator.ActiveCfg = Debug|Any CPU
		{DCB96664-E4B7-4B6D-A3B4-A8B8E69CCE1A}.AppStore|iPhoneSimulator.Build.0 = Debug|Any CPU
		{DCB96664-E4B7-4B6D-A3B4-A8B8E69CCE1A}.AppStore|x64.ActiveCfg = Debug|Any CPU
		{DCB96664-E4B7-4B6D-A3B4-A8B8E69CCE1A}.AppStore|x64.Build.0 = Debug|Any CPU
		{DCB96664-E4B7-4B6D-A3B4-A8B8E69CCE1A}.AppStore|x86.ActiveCfg = Debug|Any CPU
		{DCB96664-E4B7-4B6D-A3B4-A8B8E69CCE1A}.AppStore|x86.Build.0 = Debug|Any CPU
		{DCB96664-E4B7-4B6D-A3B4-A8B8E69CCE1A}.Debug|Any CPU.ActiveCfg = Debug|Any CPU
		{DCB96664-E4B7-4B6D-A3B4-A8B8E69CCE1A}.Debug|Any CPU.Build.0 = Debug|Any CPU
		{DCB96664-E4B7-4B6D-A3B4-A8B8E69CCE1A}.Debug|ARM.ActiveCfg = Debug|Any CPU
		{DCB96664-E4B7-4B6D-A3B4-A8B8E69CCE1A}.Debug|ARM.Build.0 = Debug|Any CPU
		{DCB96664-E4B7-4B6D-A3B4-A8B8E69CCE1A}.Debug|iPhone.ActiveCfg = Debug|Any CPU
		{DCB96664-E4B7-4B6D-A3B4-A8B8E69CCE1A}.Debug|iPhone.Build.0 = Debug|Any CPU
		{DCB96664-E4B7-4B6D-A3B4-A8B8E69CCE1A}.Debug|iPhoneSimulator.ActiveCfg = Debug|Any CPU
		{DCB96664-E4B7-4B6D-A3B4-A8B8E69CCE1A}.Debug|iPhoneSimulator.Build.0 = Debug|Any CPU
		{DCB96664-E4B7-4B6D-A3B4-A8B8E69CCE1A}.Debug|x64.ActiveCfg = Debug|Any CPU
		{DCB96664-E4B7-4B6D-A3B4-A8B8E69CCE1A}.Debug|x64.Build.0 = Debug|Any CPU
		{DCB96664-E4B7-4B6D-A3B4-A8B8E69CCE1A}.Debug|x86.ActiveCfg = Debug|Any CPU
		{DCB96664-E4B7-4B6D-A3B4-A8B8E69CCE1A}.Debug|x86.Build.0 = Debug|Any CPU
		{DCB96664-E4B7-4B6D-A3B4-A8B8E69CCE1A}.Release|Any CPU.ActiveCfg = Release|Any CPU
		{DCB96664-E4B7-4B6D-A3B4-A8B8E69CCE1A}.Release|Any CPU.Build.0 = Release|Any CPU
		{DCB96664-E4B7-4B6D-A3B4-A8B8E69CCE1A}.Release|ARM.ActiveCfg = Release|Any CPU
		{DCB96664-E4B7-4B6D-A3B4-A8B8E69CCE1A}.Release|ARM.Build.0 = Release|Any CPU
		{DCB96664-E4B7-4B6D-A3B4-A8B8E69CCE1A}.Release|iPhone.ActiveCfg = Release|Any CPU
		{DCB96664-E4B7-4B6D-A3B4-A8B8E69CCE1A}.Release|iPhone.Build.0 = Release|Any CPU
		{DCB96664-E4B7-4B6D-A3B4-A8B8E69CCE1A}.Release|iPhoneSimulator.ActiveCfg = Release|Any CPU
		{DCB96664-E4B7-4B6D-A3B4-A8B8E69CCE1A}.Release|iPhoneSimulator.Build.0 = Release|Any CPU
		{DCB96664-E4B7-4B6D-A3B4-A8B8E69CCE1A}.Release|x64.ActiveCfg = Release|Any CPU
		{DCB96664-E4B7-4B6D-A3B4-A8B8E69CCE1A}.Release|x64.Build.0 = Release|Any CPU
		{DCB96664-E4B7-4B6D-A3B4-A8B8E69CCE1A}.Release|x86.ActiveCfg = Release|Any CPU
		{DCB96664-E4B7-4B6D-A3B4-A8B8E69CCE1A}.Release|x86.Build.0 = Release|Any CPU
		{F4FD60B0-1285-442A-88A9-655C1A8A929C}.Ad-Hoc|Any CPU.ActiveCfg = Release|Any CPU
		{F4FD60B0-1285-442A-88A9-655C1A8A929C}.Ad-Hoc|Any CPU.Build.0 = Release|Any CPU
		{F4FD60B0-1285-442A-88A9-655C1A8A929C}.Ad-Hoc|Any CPU.Deploy.0 = Release|Any CPU
		{F4FD60B0-1285-442A-88A9-655C1A8A929C}.Ad-Hoc|ARM.ActiveCfg = Release|Any CPU
		{F4FD60B0-1285-442A-88A9-655C1A8A929C}.Ad-Hoc|ARM.Build.0 = Release|Any CPU
		{F4FD60B0-1285-442A-88A9-655C1A8A929C}.Ad-Hoc|ARM.Deploy.0 = Release|Any CPU
		{F4FD60B0-1285-442A-88A9-655C1A8A929C}.Ad-Hoc|iPhone.ActiveCfg = Release|Any CPU
		{F4FD60B0-1285-442A-88A9-655C1A8A929C}.Ad-Hoc|iPhone.Build.0 = Release|Any CPU
		{F4FD60B0-1285-442A-88A9-655C1A8A929C}.Ad-Hoc|iPhone.Deploy.0 = Release|Any CPU
		{F4FD60B0-1285-442A-88A9-655C1A8A929C}.Ad-Hoc|iPhoneSimulator.ActiveCfg = Release|Any CPU
		{F4FD60B0-1285-442A-88A9-655C1A8A929C}.Ad-Hoc|iPhoneSimulator.Build.0 = Release|Any CPU
		{F4FD60B0-1285-442A-88A9-655C1A8A929C}.Ad-Hoc|iPhoneSimulator.Deploy.0 = Release|Any CPU
		{F4FD60B0-1285-442A-88A9-655C1A8A929C}.Ad-Hoc|x64.ActiveCfg = Release|Any CPU
		{F4FD60B0-1285-442A-88A9-655C1A8A929C}.Ad-Hoc|x64.Build.0 = Release|Any CPU
		{F4FD60B0-1285-442A-88A9-655C1A8A929C}.Ad-Hoc|x64.Deploy.0 = Release|Any CPU
		{F4FD60B0-1285-442A-88A9-655C1A8A929C}.Ad-Hoc|x86.ActiveCfg = Release|Any CPU
		{F4FD60B0-1285-442A-88A9-655C1A8A929C}.Ad-Hoc|x86.Build.0 = Release|Any CPU
		{F4FD60B0-1285-442A-88A9-655C1A8A929C}.Ad-Hoc|x86.Deploy.0 = Release|Any CPU
		{F4FD60B0-1285-442A-88A9-655C1A8A929C}.AppStore|Any CPU.ActiveCfg = Release|Any CPU
		{F4FD60B0-1285-442A-88A9-655C1A8A929C}.AppStore|Any CPU.Build.0 = Release|Any CPU
		{F4FD60B0-1285-442A-88A9-655C1A8A929C}.AppStore|Any CPU.Deploy.0 = Release|Any CPU
		{F4FD60B0-1285-442A-88A9-655C1A8A929C}.AppStore|ARM.ActiveCfg = Release|Any CPU
		{F4FD60B0-1285-442A-88A9-655C1A8A929C}.AppStore|ARM.Build.0 = Release|Any CPU
		{F4FD60B0-1285-442A-88A9-655C1A8A929C}.AppStore|ARM.Deploy.0 = Release|Any CPU
		{F4FD60B0-1285-442A-88A9-655C1A8A929C}.AppStore|iPhone.ActiveCfg = Release|Any CPU
		{F4FD60B0-1285-442A-88A9-655C1A8A929C}.AppStore|iPhone.Build.0 = Release|Any CPU
		{F4FD60B0-1285-442A-88A9-655C1A8A929C}.AppStore|iPhone.Deploy.0 = Release|Any CPU
		{F4FD60B0-1285-442A-88A9-655C1A8A929C}.AppStore|iPhoneSimulator.ActiveCfg = Release|Any CPU
		{F4FD60B0-1285-442A-88A9-655C1A8A929C}.AppStore|iPhoneSimulator.Build.0 = Release|Any CPU
		{F4FD60B0-1285-442A-88A9-655C1A8A929C}.AppStore|iPhoneSimulator.Deploy.0 = Release|Any CPU
		{F4FD60B0-1285-442A-88A9-655C1A8A929C}.AppStore|x64.ActiveCfg = Release|Any CPU
		{F4FD60B0-1285-442A-88A9-655C1A8A929C}.AppStore|x64.Build.0 = Release|Any CPU
		{F4FD60B0-1285-442A-88A9-655C1A8A929C}.AppStore|x64.Deploy.0 = Release|Any CPU
		{F4FD60B0-1285-442A-88A9-655C1A8A929C}.AppStore|x86.ActiveCfg = Release|Any CPU
		{F4FD60B0-1285-442A-88A9-655C1A8A929C}.AppStore|x86.Build.0 = Release|Any CPU
		{F4FD60B0-1285-442A-88A9-655C1A8A929C}.AppStore|x86.Deploy.0 = Release|Any CPU
		{F4FD60B0-1285-442A-88A9-655C1A8A929C}.Debug|Any CPU.ActiveCfg = Debug|Any CPU
		{F4FD60B0-1285-442A-88A9-655C1A8A929C}.Debug|Any CPU.Build.0 = Debug|Any CPU
		{F4FD60B0-1285-442A-88A9-655C1A8A929C}.Debug|Any CPU.Deploy.0 = Debug|Any CPU
		{F4FD60B0-1285-442A-88A9-655C1A8A929C}.Debug|ARM.ActiveCfg = Debug|Any CPU
		{F4FD60B0-1285-442A-88A9-655C1A8A929C}.Debug|ARM.Build.0 = Debug|Any CPU
		{F4FD60B0-1285-442A-88A9-655C1A8A929C}.Debug|ARM.Deploy.0 = Debug|Any CPU
		{F4FD60B0-1285-442A-88A9-655C1A8A929C}.Debug|iPhone.ActiveCfg = Debug|Any CPU
		{F4FD60B0-1285-442A-88A9-655C1A8A929C}.Debug|iPhone.Build.0 = Debug|Any CPU
		{F4FD60B0-1285-442A-88A9-655C1A8A929C}.Debug|iPhone.Deploy.0 = Debug|Any CPU
		{F4FD60B0-1285-442A-88A9-655C1A8A929C}.Debug|iPhoneSimulator.ActiveCfg = Debug|Any CPU
		{F4FD60B0-1285-442A-88A9-655C1A8A929C}.Debug|iPhoneSimulator.Build.0 = Debug|Any CPU
		{F4FD60B0-1285-442A-88A9-655C1A8A929C}.Debug|iPhoneSimulator.Deploy.0 = Debug|Any CPU
		{F4FD60B0-1285-442A-88A9-655C1A8A929C}.Debug|x64.ActiveCfg = Debug|Any CPU
		{F4FD60B0-1285-442A-88A9-655C1A8A929C}.Debug|x64.Build.0 = Debug|Any CPU
		{F4FD60B0-1285-442A-88A9-655C1A8A929C}.Debug|x64.Deploy.0 = Debug|Any CPU
		{F4FD60B0-1285-442A-88A9-655C1A8A929C}.Debug|x86.ActiveCfg = Debug|Any CPU
		{F4FD60B0-1285-442A-88A9-655C1A8A929C}.Debug|x86.Build.0 = Debug|Any CPU
		{F4FD60B0-1285-442A-88A9-655C1A8A929C}.Debug|x86.Deploy.0 = Debug|Any CPU
		{F4FD60B0-1285-442A-88A9-655C1A8A929C}.Release|Any CPU.ActiveCfg = Release|Any CPU
		{F4FD60B0-1285-442A-88A9-655C1A8A929C}.Release|Any CPU.Build.0 = Release|Any CPU
		{F4FD60B0-1285-442A-88A9-655C1A8A929C}.Release|Any CPU.Deploy.0 = Release|Any CPU
		{F4FD60B0-1285-442A-88A9-655C1A8A929C}.Release|ARM.ActiveCfg = Release|Any CPU
		{F4FD60B0-1285-442A-88A9-655C1A8A929C}.Release|ARM.Build.0 = Release|Any CPU
		{F4FD60B0-1285-442A-88A9-655C1A8A929C}.Release|ARM.Deploy.0 = Release|Any CPU
		{F4FD60B0-1285-442A-88A9-655C1A8A929C}.Release|iPhone.ActiveCfg = Release|Any CPU
		{F4FD60B0-1285-442A-88A9-655C1A8A929C}.Release|iPhone.Build.0 = Release|Any CPU
		{F4FD60B0-1285-442A-88A9-655C1A8A929C}.Release|iPhone.Deploy.0 = Release|Any CPU
		{F4FD60B0-1285-442A-88A9-655C1A8A929C}.Release|iPhoneSimulator.ActiveCfg = Release|Any CPU
		{F4FD60B0-1285-442A-88A9-655C1A8A929C}.Release|iPhoneSimulator.Build.0 = Release|Any CPU
		{F4FD60B0-1285-442A-88A9-655C1A8A929C}.Release|iPhoneSimulator.Deploy.0 = Release|Any CPU
		{F4FD60B0-1285-442A-88A9-655C1A8A929C}.Release|x64.ActiveCfg = Release|Any CPU
		{F4FD60B0-1285-442A-88A9-655C1A8A929C}.Release|x64.Build.0 = Release|Any CPU
		{F4FD60B0-1285-442A-88A9-655C1A8A929C}.Release|x64.Deploy.0 = Release|Any CPU
		{F4FD60B0-1285-442A-88A9-655C1A8A929C}.Release|x86.ActiveCfg = Release|Any CPU
		{F4FD60B0-1285-442A-88A9-655C1A8A929C}.Release|x86.Build.0 = Release|Any CPU
		{F4FD60B0-1285-442A-88A9-655C1A8A929C}.Release|x86.Deploy.0 = Release|Any CPU
		{3C912F17-6F7B-45A5-9409-51026DDBC725}.Ad-Hoc|Any CPU.ActiveCfg = Ad-Hoc|iPhone
		{3C912F17-6F7B-45A5-9409-51026DDBC725}.Ad-Hoc|ARM.ActiveCfg = Ad-Hoc|iPhone
		{3C912F17-6F7B-45A5-9409-51026DDBC725}.Ad-Hoc|iPhone.ActiveCfg = Ad-Hoc|iPhone
		{3C912F17-6F7B-45A5-9409-51026DDBC725}.Ad-Hoc|iPhone.Build.0 = Ad-Hoc|iPhone
		{3C912F17-6F7B-45A5-9409-51026DDBC725}.Ad-Hoc|iPhoneSimulator.ActiveCfg = Ad-Hoc|iPhoneSimulator
		{3C912F17-6F7B-45A5-9409-51026DDBC725}.Ad-Hoc|iPhoneSimulator.Build.0 = Ad-Hoc|iPhoneSimulator
		{3C912F17-6F7B-45A5-9409-51026DDBC725}.Ad-Hoc|x64.ActiveCfg = Ad-Hoc|iPhone
		{3C912F17-6F7B-45A5-9409-51026DDBC725}.Ad-Hoc|x86.ActiveCfg = Ad-Hoc|iPhone
		{3C912F17-6F7B-45A5-9409-51026DDBC725}.AppStore|Any CPU.ActiveCfg = AppStore|iPhone
		{3C912F17-6F7B-45A5-9409-51026DDBC725}.AppStore|ARM.ActiveCfg = AppStore|iPhone
		{3C912F17-6F7B-45A5-9409-51026DDBC725}.AppStore|iPhone.ActiveCfg = AppStore|iPhone
		{3C912F17-6F7B-45A5-9409-51026DDBC725}.AppStore|iPhone.Build.0 = AppStore|iPhone
		{3C912F17-6F7B-45A5-9409-51026DDBC725}.AppStore|iPhoneSimulator.ActiveCfg = AppStore|iPhoneSimulator
		{3C912F17-6F7B-45A5-9409-51026DDBC725}.AppStore|iPhoneSimulator.Build.0 = AppStore|iPhoneSimulator
		{3C912F17-6F7B-45A5-9409-51026DDBC725}.AppStore|x64.ActiveCfg = AppStore|iPhone
		{3C912F17-6F7B-45A5-9409-51026DDBC725}.AppStore|x86.ActiveCfg = AppStore|iPhone
		{3C912F17-6F7B-45A5-9409-51026DDBC725}.Debug|Any CPU.ActiveCfg = Debug|iPhone
		{3C912F17-6F7B-45A5-9409-51026DDBC725}.Debug|ARM.ActiveCfg = Debug|iPhone
		{3C912F17-6F7B-45A5-9409-51026DDBC725}.Debug|iPhone.ActiveCfg = Debug|iPhone
		{3C912F17-6F7B-45A5-9409-51026DDBC725}.Debug|iPhone.Build.0 = Debug|iPhone
		{3C912F17-6F7B-45A5-9409-51026DDBC725}.Debug|iPhoneSimulator.ActiveCfg = Debug|iPhoneSimulator
		{3C912F17-6F7B-45A5-9409-51026DDBC725}.Debug|iPhoneSimulator.Build.0 = Debug|iPhoneSimulator
		{3C912F17-6F7B-45A5-9409-51026DDBC725}.Debug|x64.ActiveCfg = Debug|iPhone
		{3C912F17-6F7B-45A5-9409-51026DDBC725}.Debug|x86.ActiveCfg = Debug|iPhone
		{3C912F17-6F7B-45A5-9409-51026DDBC725}.Release|Any CPU.ActiveCfg = Release|iPhone
		{3C912F17-6F7B-45A5-9409-51026DDBC725}.Release|ARM.ActiveCfg = Release|iPhone
		{3C912F17-6F7B-45A5-9409-51026DDBC725}.Release|iPhone.ActiveCfg = Release|iPhone
		{3C912F17-6F7B-45A5-9409-51026DDBC725}.Release|iPhone.Build.0 = Release|iPhone
		{3C912F17-6F7B-45A5-9409-51026DDBC725}.Release|iPhoneSimulator.ActiveCfg = Release|iPhoneSimulator
		{3C912F17-6F7B-45A5-9409-51026DDBC725}.Release|iPhoneSimulator.Build.0 = Release|iPhoneSimulator
		{3C912F17-6F7B-45A5-9409-51026DDBC725}.Release|x64.ActiveCfg = Release|iPhone
		{3C912F17-6F7B-45A5-9409-51026DDBC725}.Release|x86.ActiveCfg = Release|iPhone
		{2F941A11-4C33-415C-AC25-C5A4B84A3036}.Ad-Hoc|Any CPU.ActiveCfg = Release|x64
		{2F941A11-4C33-415C-AC25-C5A4B84A3036}.Ad-Hoc|Any CPU.Build.0 = Release|x64
		{2F941A11-4C33-415C-AC25-C5A4B84A3036}.Ad-Hoc|Any CPU.Deploy.0 = Release|x64
		{2F941A11-4C33-415C-AC25-C5A4B84A3036}.Ad-Hoc|ARM.ActiveCfg = Release|ARM
		{2F941A11-4C33-415C-AC25-C5A4B84A3036}.Ad-Hoc|ARM.Build.0 = Release|ARM
		{2F941A11-4C33-415C-AC25-C5A4B84A3036}.Ad-Hoc|ARM.Deploy.0 = Release|ARM
		{2F941A11-4C33-415C-AC25-C5A4B84A3036}.Ad-Hoc|iPhone.ActiveCfg = Release|x64
		{2F941A11-4C33-415C-AC25-C5A4B84A3036}.Ad-Hoc|iPhone.Build.0 = Release|x64
		{2F941A11-4C33-415C-AC25-C5A4B84A3036}.Ad-Hoc|iPhone.Deploy.0 = Release|x64
		{2F941A11-4C33-415C-AC25-C5A4B84A3036}.Ad-Hoc|iPhoneSimulator.ActiveCfg = Release|x64
		{2F941A11-4C33-415C-AC25-C5A4B84A3036}.Ad-Hoc|iPhoneSimulator.Build.0 = Release|x64
		{2F941A11-4C33-415C-AC25-C5A4B84A3036}.Ad-Hoc|iPhoneSimulator.Deploy.0 = Release|x64
		{2F941A11-4C33-415C-AC25-C5A4B84A3036}.Ad-Hoc|x64.ActiveCfg = Release|x64
		{2F941A11-4C33-415C-AC25-C5A4B84A3036}.Ad-Hoc|x64.Build.0 = Release|x64
		{2F941A11-4C33-415C-AC25-C5A4B84A3036}.Ad-Hoc|x64.Deploy.0 = Release|x64
		{2F941A11-4C33-415C-AC25-C5A4B84A3036}.Ad-Hoc|x86.ActiveCfg = Release|x86
		{2F941A11-4C33-415C-AC25-C5A4B84A3036}.Ad-Hoc|x86.Build.0 = Release|x86
		{2F941A11-4C33-415C-AC25-C5A4B84A3036}.Ad-Hoc|x86.Deploy.0 = Release|x86
		{2F941A11-4C33-415C-AC25-C5A4B84A3036}.AppStore|Any CPU.ActiveCfg = Release|x64
		{2F941A11-4C33-415C-AC25-C5A4B84A3036}.AppStore|Any CPU.Build.0 = Release|x64
		{2F941A11-4C33-415C-AC25-C5A4B84A3036}.AppStore|Any CPU.Deploy.0 = Release|x64
		{2F941A11-4C33-415C-AC25-C5A4B84A3036}.AppStore|ARM.ActiveCfg = Release|ARM
		{2F941A11-4C33-415C-AC25-C5A4B84A3036}.AppStore|ARM.Build.0 = Release|ARM
		{2F941A11-4C33-415C-AC25-C5A4B84A3036}.AppStore|ARM.Deploy.0 = Release|ARM
		{2F941A11-4C33-415C-AC25-C5A4B84A3036}.AppStore|iPhone.ActiveCfg = Release|x64
		{2F941A11-4C33-415C-AC25-C5A4B84A3036}.AppStore|iPhone.Build.0 = Release|x64
		{2F941A11-4C33-415C-AC25-C5A4B84A3036}.AppStore|iPhone.Deploy.0 = Release|x64
		{2F941A11-4C33-415C-AC25-C5A4B84A3036}.AppStore|iPhoneSimulator.ActiveCfg = Release|x64
		{2F941A11-4C33-415C-AC25-C5A4B84A3036}.AppStore|iPhoneSimulator.Build.0 = Release|x64
		{2F941A11-4C33-415C-AC25-C5A4B84A3036}.AppStore|iPhoneSimulator.Deploy.0 = Release|x64
		{2F941A11-4C33-415C-AC25-C5A4B84A3036}.AppStore|x64.ActiveCfg = Release|x64
		{2F941A11-4C33-415C-AC25-C5A4B84A3036}.AppStore|x64.Build.0 = Release|x64
		{2F941A11-4C33-415C-AC25-C5A4B84A3036}.AppStore|x64.Deploy.0 = Release|x64
		{2F941A11-4C33-415C-AC25-C5A4B84A3036}.AppStore|x86.ActiveCfg = Release|x86
		{2F941A11-4C33-415C-AC25-C5A4B84A3036}.AppStore|x86.Build.0 = Release|x86
		{2F941A11-4C33-415C-AC25-C5A4B84A3036}.AppStore|x86.Deploy.0 = Release|x86
		{2F941A11-4C33-415C-AC25-C5A4B84A3036}.Debug|Any CPU.ActiveCfg = Debug|x86
		{2F941A11-4C33-415C-AC25-C5A4B84A3036}.Debug|ARM.ActiveCfg = Debug|ARM
		{2F941A11-4C33-415C-AC25-C5A4B84A3036}.Debug|ARM.Build.0 = Debug|ARM
		{2F941A11-4C33-415C-AC25-C5A4B84A3036}.Debug|ARM.Deploy.0 = Debug|ARM
		{2F941A11-4C33-415C-AC25-C5A4B84A3036}.Debug|iPhone.ActiveCfg = Debug|x86
		{2F941A11-4C33-415C-AC25-C5A4B84A3036}.Debug|iPhoneSimulator.ActiveCfg = Debug|x86
		{2F941A11-4C33-415C-AC25-C5A4B84A3036}.Debug|x64.ActiveCfg = Debug|x64
		{2F941A11-4C33-415C-AC25-C5A4B84A3036}.Debug|x64.Build.0 = Debug|x64
		{2F941A11-4C33-415C-AC25-C5A4B84A3036}.Debug|x64.Deploy.0 = Debug|x64
		{2F941A11-4C33-415C-AC25-C5A4B84A3036}.Debug|x86.ActiveCfg = Debug|x86
		{2F941A11-4C33-415C-AC25-C5A4B84A3036}.Debug|x86.Build.0 = Debug|x86
		{2F941A11-4C33-415C-AC25-C5A4B84A3036}.Debug|x86.Deploy.0 = Debug|x86
		{2F941A11-4C33-415C-AC25-C5A4B84A3036}.Release|Any CPU.ActiveCfg = Release|x86
		{2F941A11-4C33-415C-AC25-C5A4B84A3036}.Release|ARM.ActiveCfg = Release|ARM
		{2F941A11-4C33-415C-AC25-C5A4B84A3036}.Release|ARM.Build.0 = Release|ARM
		{2F941A11-4C33-415C-AC25-C5A4B84A3036}.Release|ARM.Deploy.0 = Release|ARM
		{2F941A11-4C33-415C-AC25-C5A4B84A3036}.Release|iPhone.ActiveCfg = Release|x86
		{2F941A11-4C33-415C-AC25-C5A4B84A3036}.Release|iPhoneSimulator.ActiveCfg = Release|x86
		{2F941A11-4C33-415C-AC25-C5A4B84A3036}.Release|x64.ActiveCfg = Release|x64
		{2F941A11-4C33-415C-AC25-C5A4B84A3036}.Release|x64.Build.0 = Release|x64
		{2F941A11-4C33-415C-AC25-C5A4B84A3036}.Release|x64.Deploy.0 = Release|x64
		{2F941A11-4C33-415C-AC25-C5A4B84A3036}.Release|x86.ActiveCfg = Release|x86
		{2F941A11-4C33-415C-AC25-C5A4B84A3036}.Release|x86.Build.0 = Release|x86
		{2F941A11-4C33-415C-AC25-C5A4B84A3036}.Release|x86.Deploy.0 = Release|x86
		{8DC4BE0D-9AD4-405B-8BFF-D26AAA8B8133}.Ad-Hoc|Any CPU.ActiveCfg = Release|Any CPU
		{8DC4BE0D-9AD4-405B-8BFF-D26AAA8B8133}.Ad-Hoc|Any CPU.Build.0 = Release|Any CPU
		{8DC4BE0D-9AD4-405B-8BFF-D26AAA8B8133}.Ad-Hoc|ARM.ActiveCfg = Release|Any CPU
		{8DC4BE0D-9AD4-405B-8BFF-D26AAA8B8133}.Ad-Hoc|ARM.Build.0 = Release|Any CPU
		{8DC4BE0D-9AD4-405B-8BFF-D26AAA8B8133}.Ad-Hoc|iPhone.ActiveCfg = Release|Any CPU
		{8DC4BE0D-9AD4-405B-8BFF-D26AAA8B8133}.Ad-Hoc|iPhone.Build.0 = Release|Any CPU
		{8DC4BE0D-9AD4-405B-8BFF-D26AAA8B8133}.Ad-Hoc|iPhoneSimulator.ActiveCfg = Release|Any CPU
		{8DC4BE0D-9AD4-405B-8BFF-D26AAA8B8133}.Ad-Hoc|iPhoneSimulator.Build.0 = Release|Any CPU
		{8DC4BE0D-9AD4-405B-8BFF-D26AAA8B8133}.Ad-Hoc|x64.ActiveCfg = Release|Any CPU
		{8DC4BE0D-9AD4-405B-8BFF-D26AAA8B8133}.Ad-Hoc|x64.Build.0 = Release|Any CPU
		{8DC4BE0D-9AD4-405B-8BFF-D26AAA8B8133}.Ad-Hoc|x86.ActiveCfg = Release|Any CPU
		{8DC4BE0D-9AD4-405B-8BFF-D26AAA8B8133}.Ad-Hoc|x86.Build.0 = Release|Any CPU
		{8DC4BE0D-9AD4-405B-8BFF-D26AAA8B8133}.AppStore|Any CPU.ActiveCfg = Release|Any CPU
		{8DC4BE0D-9AD4-405B-8BFF-D26AAA8B8133}.AppStore|Any CPU.Build.0 = Release|Any CPU
		{8DC4BE0D-9AD4-405B-8BFF-D26AAA8B8133}.AppStore|ARM.ActiveCfg = Release|Any CPU
		{8DC4BE0D-9AD4-405B-8BFF-D26AAA8B8133}.AppStore|ARM.Build.0 = Release|Any CPU
		{8DC4BE0D-9AD4-405B-8BFF-D26AAA8B8133}.AppStore|iPhone.ActiveCfg = Release|Any CPU
		{8DC4BE0D-9AD4-405B-8BFF-D26AAA8B8133}.AppStore|iPhone.Build.0 = Release|Any CPU
		{8DC4BE0D-9AD4-405B-8BFF-D26AAA8B8133}.AppStore|iPhoneSimulator.ActiveCfg = Release|Any CPU
		{8DC4BE0D-9AD4-405B-8BFF-D26AAA8B8133}.AppStore|iPhoneSimulator.Build.0 = Release|Any CPU
		{8DC4BE0D-9AD4-405B-8BFF-D26AAA8B8133}.AppStore|x64.ActiveCfg = Release|Any CPU
		{8DC4BE0D-9AD4-405B-8BFF-D26AAA8B8133}.AppStore|x64.Build.0 = Release|Any CPU
		{8DC4BE0D-9AD4-405B-8BFF-D26AAA8B8133}.AppStore|x86.ActiveCfg = Release|Any CPU
		{8DC4BE0D-9AD4-405B-8BFF-D26AAA8B8133}.AppStore|x86.Build.0 = Release|Any CPU
		{8DC4BE0D-9AD4-405B-8BFF-D26AAA8B8133}.Debug|Any CPU.ActiveCfg = Debug|Any CPU
		{8DC4BE0D-9AD4-405B-8BFF-D26AAA8B8133}.Debug|Any CPU.Build.0 = Debug|Any CPU
		{8DC4BE0D-9AD4-405B-8BFF-D26AAA8B8133}.Debug|ARM.ActiveCfg = Debug|Any CPU
		{8DC4BE0D-9AD4-405B-8BFF-D26AAA8B8133}.Debug|ARM.Build.0 = Debug|Any CPU
		{8DC4BE0D-9AD4-405B-8BFF-D26AAA8B8133}.Debug|iPhone.ActiveCfg = Debug|Any CPU
		{8DC4BE0D-9AD4-405B-8BFF-D26AAA8B8133}.Debug|iPhone.Build.0 = Debug|Any CPU
		{8DC4BE0D-9AD4-405B-8BFF-D26AAA8B8133}.Debug|iPhoneSimulator.ActiveCfg = Debug|Any CPU
		{8DC4BE0D-9AD4-405B-8BFF-D26AAA8B8133}.Debug|iPhoneSimulator.Build.0 = Debug|Any CPU
		{8DC4BE0D-9AD4-405B-8BFF-D26AAA8B8133}.Debug|x64.ActiveCfg = Debug|Any CPU
		{8DC4BE0D-9AD4-405B-8BFF-D26AAA8B8133}.Debug|x64.Build.0 = Debug|Any CPU
		{8DC4BE0D-9AD4-405B-8BFF-D26AAA8B8133}.Debug|x86.ActiveCfg = Debug|Any CPU
		{8DC4BE0D-9AD4-405B-8BFF-D26AAA8B8133}.Debug|x86.Build.0 = Debug|Any CPU
		{8DC4BE0D-9AD4-405B-8BFF-D26AAA8B8133}.Release|Any CPU.ActiveCfg = Release|Any CPU
		{8DC4BE0D-9AD4-405B-8BFF-D26AAA8B8133}.Release|Any CPU.Build.0 = Release|Any CPU
		{8DC4BE0D-9AD4-405B-8BFF-D26AAA8B8133}.Release|ARM.ActiveCfg = Release|Any CPU
		{8DC4BE0D-9AD4-405B-8BFF-D26AAA8B8133}.Release|ARM.Build.0 = Release|Any CPU
		{8DC4BE0D-9AD4-405B-8BFF-D26AAA8B8133}.Release|iPhone.ActiveCfg = Release|Any CPU
		{8DC4BE0D-9AD4-405B-8BFF-D26AAA8B8133}.Release|iPhone.Build.0 = Release|Any CPU
		{8DC4BE0D-9AD4-405B-8BFF-D26AAA8B8133}.Release|iPhoneSimulator.ActiveCfg = Release|Any CPU
		{8DC4BE0D-9AD4-405B-8BFF-D26AAA8B8133}.Release|iPhoneSimulator.Build.0 = Release|Any CPU
		{8DC4BE0D-9AD4-405B-8BFF-D26AAA8B8133}.Release|x64.ActiveCfg = Release|Any CPU
		{8DC4BE0D-9AD4-405B-8BFF-D26AAA8B8133}.Release|x64.Build.0 = Release|Any CPU
		{8DC4BE0D-9AD4-405B-8BFF-D26AAA8B8133}.Release|x86.ActiveCfg = Release|Any CPU
		{8DC4BE0D-9AD4-405B-8BFF-D26AAA8B8133}.Release|x86.Build.0 = Release|Any CPU
	EndGlobalSection
	GlobalSection(SolutionProperties) = preSolution
		HideSolutionNode = FALSE
	EndGlobalSection
	GlobalSection(ExtensibilityGlobals) = postSolution
		SolutionGuid = {090D6AFF-39E9-449C-826A-A4AF9C2E8594}
	EndGlobalSection
EndGlobal
